github.com/jc-lab/miracl_wrapper v0.0.5 h1:87BdldS23peHnN++T4hFxEiUjAuzBemOmuv62V481Mk=
github.com/jc-lab/miracl_wrapper v0.0.5/go.mod h1:mw+ePA/EhmCKF4GKQCAQLKlCsvWVmFp6TSHtamQ581w=
go.bryk.io/miracl v0.5.0 h1:hXbMRoZoBJFhCPOZ8eMT+Gr25qrJvn82Np73tP3HLKA=
go.bryk.io/miracl v0.5.0/go.mod h1:AdsKWBu3X75H4KRElYk5QNoZ8WX+IsylqsUq3tS7kKM=
